
Microsoft Visual Studio Solution File, Format Version 9.00
# Visual Studio 2005
Project("{8BC9CEB8-8B4A-11D0-8D11-00A0C91BC942}") = "OxelonMC", "OxelonMC.vcproj", "{1A34AB11-42BE-4EF7-BADF-7CE714E74A3E}"
EndProject
Global
	GlobalSection(SolutionConfigurationPlatforms) = preSolution
		Debug|Win32 = Debug|Win32
		Release|Win32 = Release|Win32
	EndGlobalSection
	GlobalSection(ProjectConfigurationPlatforms) = postSolution
		{1A34AB11-42BE-4EF7-BADF-7CE714E74A3E}.Debug|Win32.ActiveCfg = Debug|Win32
		{1A34AB11-42BE-4EF7-BADF-7CE714E74A3E}.Debug|Win32.Build.0 = Debug|Win32
		{1A34AB11-42BE-4EF7-BADF-7CE714E74A3E}.Release|Win32.ActiveCfg = Release|Win32
		{1A34AB11-42BE-4EF7-BADF-7CE714E74A3E}.Release|Win32.Build.0 = Release|Win32
	EndGlobalSection
	GlobalSection(SolutionProperties) = preSolution
		HideSolutionNode = FALSE
	EndGlobalSection
EndGlobal
